// !$*UTF8*$!
{
	archiveVersion = 1;
	classes = {
	};
	objectVersion = 56;
	objects = {

/* Begin PBXBuildFile section */
		A1000001 /* main.swift in Sources */ = {isa = PBXBuildFile; fileRef = B1000001 /* main.swift */; };
		A1000002 /* AppDelegate.swift in Sources */ = {isa = PBXBuildFile; fileRef = B1000002 /* AppDelegate.swift */; };
		A1000003 /* ShelfWindowController.swift in Sources */ = {isa = PBXBuildFile; fileRef = B1000004 /* ShelfWindowController.swift */; };
		A1000004 /* ShelfViewController.swift in Sources */ = {isa = PBXBuildFile; fileRef = B1000005 /* ShelfViewController.swift */; };
		A1000005 /* ShelfItem.swift in Sources */ = {isa = PBXBuildFile; fileRef = B1000006 /* ShelfItem.swift */; };
		A1000006 /* ShelfItemView.swift in Sources */ = {isa = PBXBuildFile; fileRef = B1000007 /* ShelfItemView.swift */; };
		A1000007 /* DragDetector.swift in Sources */ = {isa = PBXBuildFile; fileRef = B1000008 /* DragDetector.swift */; };
		A100000A /* DropTargetView.swift in Sources */ = {isa = PBXBuildFile; fileRef = B100000B /* DropTargetView.swift */; };
		A1000008 /* Assets.xcassets in Resources */ = {isa = PBXBuildFile; fileRef = B1000009 /* Assets.xcassets */; };
		A1000009 /* Localizable.xcstrings in Resources */ = {isa = PBXBuildFile; fileRef = B100000A /* Localizable.xcstrings */; };
/* End PBXBuildFile section */

/* Begin PBXFileReference section */
		B1000001 /* main.swift */ = {isa = PBXFileReference; lastKnownFileType = sourcecode.swift; path = main.swift; sourceTree = "<group>"; };
		B1000002 /* AppDelegate.swift */ = {isa = PBXFileReference; lastKnownFileType = sourcecode.swift; path = AppDelegate.swift; sourceTree = "<group>"; };
		B1000003 /* Info.plist */ = {isa = PBXFileReference; lastKnownFileType = text.plist.xml; path = Info.plist; sourceTree = "<group>"; };
		B1000004 /* ShelfWindowController.swift */ = {isa = PBXFileReference; lastKnownFileType = sourcecode.swift; path = ShelfWindowController.swift; sourceTree = "<group>"; };
		B1000005 /* ShelfViewController.swift */ = {isa = PBXFileReference; lastKnownFileType = sourcecode.swift; path = ShelfViewController.swift; sourceTree = "<group>"; };
		B1000006 /* ShelfItem.swift */ = {isa = PBXFileReference; lastKnownFileType = sourcecode.swift; path = ShelfItem.swift; sourceTree = "<group>"; };
		B1000007 /* ShelfItemView.swift */ = {isa = PBXFileReference; lastKnownFileType = sourcecode.swift; path = ShelfItemView.swift; sourceTree = "<group>"; };
		B1000008 /* DragDetector.swift */ = {isa = PBXFileReference; lastKnownFileType = sourcecode.swift; path = DragDetector.swift; sourceTree = "<group>"; };
		B100000B /* DropTargetView.swift */ = {isa = PBXFileReference; lastKnownFileType = sourcecode.swift; path = DropTargetView.swift; sourceTree = "<group>"; };
		B1000009 /* Assets.xcassets */ = {isa = PBXFileReference; lastKnownFileType = folder.assetcatalog; path = "Perch/Assets.xcassets"; sourceTree = "<group>"; };
		B100000A /* Localizable.xcstrings */ = {isa = PBXFileReference; lastKnownFileType = text.json.xcstrings; path = Localizable.xcstrings; sourceTree = "<group>"; };
		B1000010 /* Perch.app */ = {isa = PBXFileReference; explicitFileType = wrapper.application; includeInIndex = 0; path = Perch.app; sourceTree = BUILT_PRODUCTS_DIR; };
/* End PBXFileReference section */

/* Begin PBXGroup section */
		C1000001 /* Root */ = {
			isa = PBXGroup;
			children = (
				C1000002 /* Sources */,
				C1000003 /* Products */,
			);
			sourceTree = "<group>";
		};
		C1000002 /* Sources */ = {
			isa = PBXGroup;
			children = (
				B1000001 /* main.swift */,
				B1000002 /* AppDelegate.swift */,
				B1000004 /* ShelfWindowController.swift */,
				B1000005 /* ShelfViewController.swift */,
				B1000006 /* ShelfItem.swift */,
				B1000007 /* ShelfItemView.swift */,
				B1000008 /* DragDetector.swift */,
				B100000B /* DropTargetView.swift */,
				B1000009 /* Assets.xcassets */,
				B100000A /* Localizable.xcstrings */,
				B1000003 /* Info.plist */,
			);
			path = "";
			sourceTree = "<group>";
		};
		C1000003 /* Products */ = {
			isa = PBXGroup;
			children = (
				B1000010 /* Perch.app */,
			);
			name = Products;
			sourceTree = "<group>";
		};
/* End PBXGroup section */

/* Begin PBXNativeTarget section */
		D1000001 /* Perch */ = {
			isa = PBXNativeTarget;
			buildConfigurationList = E1000003 /* Build configuration list for PBXNativeTarget "Perch" */;
			buildPhases = (
				D1000002 /* Sources */,
				D1000003 /* Frameworks */,
				D1000004 /* Resources */,
			);
			buildRules = (
			);
			dependencies = (
			);
			name = Perch;
			productName = Perch;
			productReference = B1000010 /* Perch.app */;
			productType = "com.apple.product-type.application";
		};
/* End PBXNativeTarget section */

/* Begin PBXProject section */
		D1000010 /* Project object */ = {
			isa = PBXProject;
			attributes = {
				BuildIndependentTargetsInParallel = 1;
				LastUpgradeCheck = 1500;
			};
			buildConfigurationList = E1000001 /* Build configuration list for PBXProject "Perch" */;
			compatibilityVersion = "Xcode 14.0";
			developmentRegion = en;
			hasScannedForEncodings = 0;
			knownRegions = (
				en,
				fr,
				Base,
			);
			mainGroup = C1000001 /* Root */;
			productRefGroup = C1000003 /* Products */;
			projectDirPath = "";
			projectRoot = "";
			targets = (
				D1000001 /* Perch */,
			);
		};
/* End PBXProject section */

/* Begin PBXSourcesBuildPhase section */
		D1000002 /* Sources */ = {
			isa = PBXSourcesBuildPhase;
			buildActionMask = 2147483647;
			files = (
				A1000001 /* main.swift in Sources */,
				A1000002 /* AppDelegate.swift in Sources */,
				A1000003 /* ShelfWindowController.swift in Sources */,
				A1000004 /* ShelfViewController.swift in Sources */,
				A1000005 /* ShelfItem.swift in Sources */,
				A1000006 /* ShelfItemView.swift in Sources */,
				A1000007 /* DragDetector.swift in Sources */,
				A100000A /* DropTargetView.swift in Sources */,
			);
			runOnlyForDeploymentPostprocessing = 0;
		};
/* End PBXSourcesBuildPhase section */

/* Begin PBXFrameworksBuildPhase section */
		D1000003 /* Frameworks */ = {
			isa = PBXFrameworksBuildPhase;
			buildActionMask = 2147483647;
			files = (
			);
			runOnlyForDeploymentPostprocessing = 0;
		};
/* End PBXFrameworksBuildPhase section */

/* Begin PBXResourcesBuildPhase section */
		D1000004 /* Resources */ = {
			isa = PBXResourcesBuildPhase;
			buildActionMask = 2147483647;
			files = (
				A1000008 /* Assets.xcassets in Resources */,
				A1000009 /* Localizable.xcstrings in Resources */,
			);
			runOnlyForDeploymentPostprocessing = 0;
		};
/* End PBXResourcesBuildPhase section */

/* Begin XCBuildConfiguration section */
		F1000001 /* Debug */ = {
			isa = XCBuildConfiguration;
			buildSettings = {
				ALWAYS_SEARCH_USER_PATHS = NO;
				CLANG_ENABLE_MODULES = YES;
				COPY_PHASE_STRIP = NO;
				DEBUG_INFORMATION_FORMAT = dwarf;
				GCC_OPTIMIZATION_LEVEL = 0;
				MACOSX_DEPLOYMENT_TARGET = 14.0;
				MTL_ENABLE_DEBUG_INFO = INCLUDE_SOURCE;
				ONLY_ACTIVE_ARCH = YES;
				SDKROOT = macosx;
				SWIFT_ACTIVE_COMPILATION_CONDITIONS = DEBUG;
				SWIFT_OPTIMIZATION_LEVEL = "-Onone";
			};
			name = Debug;
		};
		F1000002 /* Release */ = {
			isa = XCBuildConfiguration;
			buildSettings = {
				ALWAYS_SEARCH_USER_PATHS = NO;
				CLANG_ENABLE_MODULES = YES;
				COPY_PHASE_STRIP = YES;
				DEBUG_INFORMATION_FORMAT = "dwarf-with-dsym";
				GCC_OPTIMIZATION_LEVEL = s;
				MACOSX_DEPLOYMENT_TARGET = 14.0;
				MTL_ENABLE_DEBUG_INFO = NO;
				SDKROOT = macosx;
				SWIFT_OPTIMIZATION_LEVEL = "-O";
			};
			name = Release;
		};
		F1000003 /* Debug */ = {
			isa = XCBuildConfiguration;
			buildSettings = {
				CODE_SIGN_STYLE = Automatic;
				ASSETCATALOG_COMPILER_APPICON_NAME = AppIcon;
				COMBINE_HIDPI_IMAGES = YES;
				INFOPLIST_FILE = Info.plist;
				LD_RUNPATH_SEARCH_PATHS = (
					"$(inherited)",
					"@executable_path/../Frameworks",
				);
				PRODUCT_BUNDLE_IDENTIFIER = com.perch.app;
				PRODUCT_NAME = "$(TARGET_NAME)";
				SWIFT_VERSION = 5.0;
			};
			name = Debug;
		};
		F1000004 /* Release */ = {
			isa = XCBuildConfiguration;
			buildSettings = {
				CODE_SIGN_STYLE = Automatic;
				ASSETCATALOG_COMPILER_APPICON_NAME = AppIcon;
				COMBINE_HIDPI_IMAGES = YES;
				INFOPLIST_FILE = Info.plist;
				LD_RUNPATH_SEARCH_PATHS = (
					"$(inherited)",
					"@executable_path/../Frameworks",
				);
				PRODUCT_BUNDLE_IDENTIFIER = com.perch.app;
				PRODUCT_NAME = "$(TARGET_NAME)";
				SWIFT_VERSION = 5.0;
			};
			name = Release;
		};
/* End XCBuildConfiguration section */

/* Begin XCConfigurationList section */
		E1000001 /* Build configuration list for PBXProject "Perch" */ = {
			isa = XCConfigurationList;
			buildConfigurations = (
				F1000001 /* Debug */,
				F1000002 /* Release */,
			);
			defaultConfigurationIsVisible = 0;
			defaultConfigurationName = Release;
		};
		E1000003 /* Build configuration list for PBXNativeTarget "Perch" */ = {
			isa = XCConfigurationList;
			buildConfigurations = (
				F1000003 /* Debug */,
				F1000004 /* Release */,
			);
			defaultConfigurationIsVisible = 0;
			defaultConfigurationName = Release;
		};
/* End XCConfigurationList section */

	};
	rootObject = D1000010 /* Project object */;
}
